
Microsoft Visual Studio Solution File, Format Version 12.00
# Visual Studio Version 17
VisualStudioVersion = 17.0.31903.59
MinimumVisualStudioVersion = 10.0.40219.1
Project("{2150E333-8FDC-42A3-9474-1A3956D46DE8}") = "src", "src", "{0A7FB8AF-3F34-47A6-9DC5-0C4EAAD91F7E}"
EndProject
Project("{2150E333-8FDC-42A3-9474-1A3956D46DE8}") = "Infrastructure", "Infrastructure", "{1B791412-2AAB-4D5E-BAB3-2EF691F7ED88}"
EndProject
Project("{FAE04EC0-301F-11D3-BF4B-00C04F79EFBC}") = "ExpressStore.Pricing.Infrastructure", "src\Infrastructure\Pricing\ExpressStore.Pricing.Infrastructure\ExpressStore.Pricing.Infrastructure.csproj", "{137AD86B-A1F2-45D5-9139-E26DBB8D45A5}"
EndProject
Project("{2150E333-8FDC-42A3-9474-1A3956D46DE8}") = "Modules", "Modules", "{83F6A309-6849-48B1-A000-87A3691E35C9}"
EndProject
Project("{2150E333-8FDC-42A3-9474-1A3956D46DE8}") = "Pricing", "Pricing", "{CEBCFEAC-0323-4B78-AF2A-3DFA532B315D}"
EndProject
Project("{FAE04EC0-301F-11D3-BF4B-00C04F79EFBC}") = "ExpressStore.Modules.Pricing", "src\Modules\Pricing\ExpressStore.Modules.Pricing\ExpressStore.Modules.Pricing.csproj", "{3563EFA0-25AB-45EB-8D7E-3DB72FC66B52}"
EndProject
Global
	GlobalSection(SolutionConfigurationPlatforms) = preSolution
		Debug|Any CPU = Debug|Any CPU
		Release|Any CPU = Release|Any CPU
	EndGlobalSection
	GlobalSection(ProjectConfigurationPlatforms) = postSolution
		{137AD86B-A1F2-45D5-9139-E26DBB8D45A5}.Debug|Any CPU.ActiveCfg = Debug|Any CPU
		{137AD86B-A1F2-45D5-9139-E26DBB8D45A5}.Debug|Any CPU.Build.0 = Debug|Any CPU
		{137AD86B-A1F2-45D5-9139-E26DBB8D45A5}.Release|Any CPU.ActiveCfg = Release|Any CPU
		{137AD86B-A1F2-45D5-9139-E26DBB8D45A5}.Release|Any CPU.Build.0 = Release|Any CPU
		{3563EFA0-25AB-45EB-8D7E-3DB72FC66B52}.Debug|Any CPU.ActiveCfg = Debug|Any CPU
		{3563EFA0-25AB-45EB-8D7E-3DB72FC66B52}.Debug|Any CPU.Build.0 = Debug|Any CPU
		{3563EFA0-25AB-45EB-8D7E-3DB72FC66B52}.Release|Any CPU.ActiveCfg = Release|Any CPU
		{3563EFA0-25AB-45EB-8D7E-3DB72FC66B52}.Release|Any CPU.Build.0 = Release|Any CPU
	EndGlobalSection
	GlobalSection(SolutionProperties) = preSolution
		HideSolutionNode = FALSE
	EndGlobalSection
	GlobalSection(NestedProjects) = preSolution
		{1B791412-2AAB-4D5E-BAB3-2EF691F7ED88} = {0A7FB8AF-3F34-47A6-9DC5-0C4EAAD91F7E}
		{137AD86B-A1F2-45D5-9139-E26DBB8D45A5} = {1B791412-2AAB-4D5E-BAB3-2EF691F7ED88}
		{83F6A309-6849-48B1-A000-87A3691E35C9} = {0A7FB8AF-3F34-47A6-9DC5-0C4EAAD91F7E}
		{CEBCFEAC-0323-4B78-AF2A-3DFA532B315D} = {83F6A309-6849-48B1-A000-87A3691E35C9}
		{3563EFA0-25AB-45EB-8D7E-3DB72FC66B52} = {CEBCFEAC-0323-4B78-AF2A-3DFA532B315D}
	EndGlobalSection
	GlobalSection(ExtensibilityGlobals) = postSolution
		SolutionGuid = {2750BB43-805A-4502-B555-D03762406B88}
	EndGlobalSection
EndGlobal
