
Microsoft Visual Studio Solution File, Format Version 12.00
# Visual Studio Version 17
VisualStudioVersion = 17.0.31903.59
MinimumVisualStudioVersion = 10.0.40219.1
Project("{2150E333-8FDC-42A3-9474-1A3956D46DE8}") = "src", "src", "{5C6E50A0-19D0-4235-AFB3-A0205765CE08}"
EndProject
Project("{2150E333-8FDC-42A3-9474-1A3956D46DE8}") = "Modules", "Modules", "{1EEA59D0-F4BF-455A-807F-56EE572D0B89}"
EndProject
Project("{FAE04EC0-301F-11D3-BF4B-00C04F79EFBC}") = "ExpressStore.Modules.Reviews", "src\Modules\Reviews\ExpressStore.Modules.Reviews\ExpressStore.Modules.Reviews.csproj", "{6DAF61CF-7190-403D-A136-6360C28EF2F0}"
EndProject
Project("{2150E333-8FDC-42A3-9474-1A3956D46DE8}") = "Infrastructure", "Infrastructure", "{7003B8EA-C7A5-43C7-A86D-F0990BC6B7C1}"
EndProject
Project("{2150E333-8FDC-42A3-9474-1A3956D46DE8}") = "Reviews", "Reviews", "{20369AA8-5F6D-4800-A474-1C238BF0CB2E}"
EndProject
Project("{FAE04EC0-301F-11D3-BF4B-00C04F79EFBC}") = "ExpressStore.Reviews.Infrastructure", "src\Infrastructure\Reviews\ExpressStore.Reviews.Infrastructure\ExpressStore.Reviews.Infrastructure.csproj", "{94088E00-AAE5-48BC-AFE8-477A65CCD859}"
EndProject
Project("{2150E333-8FDC-42A3-9474-1A3956D46DE8}") = "Web API", "Web API", "{AAFE0C21-11B1-49CD-9B79-20887A0849FE}"
EndProject
Project("{2150E333-8FDC-42A3-9474-1A3956D46DE8}") = "Reviews", "Reviews", "{ACFBF94D-047B-4414-9AE9-13618730DA41}"
EndProject
Project("{FAE04EC0-301F-11D3-BF4B-00C04F79EFBC}") = "ExpressStore.Services.Reviews.API", "src\WebAPIs\Reviews\ExpressStore.Services.Reviews.API\ExpressStore.Services.Reviews.API.csproj", "{EB6A68D8-E48A-4914-96AD-F284CDB7BAD2}"
EndProject
Global
	GlobalSection(SolutionConfigurationPlatforms) = preSolution
		Debug|Any CPU = Debug|Any CPU
		Release|Any CPU = Release|Any CPU
	EndGlobalSection
	GlobalSection(ProjectConfigurationPlatforms) = postSolution
		{6DAF61CF-7190-403D-A136-6360C28EF2F0}.Debug|Any CPU.ActiveCfg = Debug|Any CPU
		{6DAF61CF-7190-403D-A136-6360C28EF2F0}.Debug|Any CPU.Build.0 = Debug|Any CPU
		{6DAF61CF-7190-403D-A136-6360C28EF2F0}.Release|Any CPU.ActiveCfg = Release|Any CPU
		{6DAF61CF-7190-403D-A136-6360C28EF2F0}.Release|Any CPU.Build.0 = Release|Any CPU
		{94088E00-AAE5-48BC-AFE8-477A65CCD859}.Debug|Any CPU.ActiveCfg = Debug|Any CPU
		{94088E00-AAE5-48BC-AFE8-477A65CCD859}.Debug|Any CPU.Build.0 = Debug|Any CPU
		{94088E00-AAE5-48BC-AFE8-477A65CCD859}.Release|Any CPU.ActiveCfg = Release|Any CPU
		{94088E00-AAE5-48BC-AFE8-477A65CCD859}.Release|Any CPU.Build.0 = Release|Any CPU
		{EB6A68D8-E48A-4914-96AD-F284CDB7BAD2}.Debug|Any CPU.ActiveCfg = Debug|Any CPU
		{EB6A68D8-E48A-4914-96AD-F284CDB7BAD2}.Debug|Any CPU.Build.0 = Debug|Any CPU
		{EB6A68D8-E48A-4914-96AD-F284CDB7BAD2}.Release|Any CPU.ActiveCfg = Release|Any CPU
		{EB6A68D8-E48A-4914-96AD-F284CDB7BAD2}.Release|Any CPU.Build.0 = Release|Any CPU
	EndGlobalSection
	GlobalSection(SolutionProperties) = preSolution
		HideSolutionNode = FALSE
	EndGlobalSection
	GlobalSection(NestedProjects) = preSolution
		{1EEA59D0-F4BF-455A-807F-56EE572D0B89} = {5C6E50A0-19D0-4235-AFB3-A0205765CE08}
		{6DAF61CF-7190-403D-A136-6360C28EF2F0} = {1EEA59D0-F4BF-455A-807F-56EE572D0B89}
		{7003B8EA-C7A5-43C7-A86D-F0990BC6B7C1} = {5C6E50A0-19D0-4235-AFB3-A0205765CE08}
		{20369AA8-5F6D-4800-A474-1C238BF0CB2E} = {7003B8EA-C7A5-43C7-A86D-F0990BC6B7C1}
		{94088E00-AAE5-48BC-AFE8-477A65CCD859} = {20369AA8-5F6D-4800-A474-1C238BF0CB2E}
		{AAFE0C21-11B1-49CD-9B79-20887A0849FE} = {5C6E50A0-19D0-4235-AFB3-A0205765CE08}
		{ACFBF94D-047B-4414-9AE9-13618730DA41} = {AAFE0C21-11B1-49CD-9B79-20887A0849FE}
		{EB6A68D8-E48A-4914-96AD-F284CDB7BAD2} = {ACFBF94D-047B-4414-9AE9-13618730DA41}
	EndGlobalSection
	GlobalSection(ExtensibilityGlobals) = postSolution
		SolutionGuid = {BD87C268-42C1-460C-85F4-073F395DD362}
	EndGlobalSection
EndGlobal
