
Microsoft Visual Studio Solution File, Format Version 12.00
# Visual Studio Version 17
VisualStudioVersion = 17.0.31903.59
MinimumVisualStudioVersion = 10.0.40219.1
Project("{2150E333-8FDC-42A3-9474-1A3956D46DE8}") = "src", "src", "{15A1828A-77A9-49BF-A579-6269326811E5}"
EndProject
Project("{2150E333-8FDC-42A3-9474-1A3956D46DE8}") = "Modules", "Modules", "{3CD637F7-99A3-4DB0-BDD3-4660983DFC26}"
EndProject
Project("{2150E333-8FDC-42A3-9474-1A3956D46DE8}") = "Localizations", "Localizations", "{FF986872-5B27-43AD-9491-A205433AD71F}"
EndProject
Project("{FAE04EC0-301F-11D3-BF4B-00C04F79EFBC}") = "ExpressStore.Modules.Localizations", "src\Modules\Localizations\ExpressStore.Modules.Localizations\ExpressStore.Modules.Localizations.csproj", "{257B5FBA-0425-463B-855B-9F0AC03E917E}"
EndProject
Project("{2150E333-8FDC-42A3-9474-1A3956D46DE8}") = "Infrastructure", "Infrastructure", "{A5CF2B5B-963B-4ECA-8E5C-150FD70C48D7}"
EndProject
Project("{2150E333-8FDC-42A3-9474-1A3956D46DE8}") = "Localizations", "Localizations", "{3B271122-3F72-4B51-9D5B-2E42682797C8}"
EndProject
Project("{FAE04EC0-301F-11D3-BF4B-00C04F79EFBC}") = "ExpressStore.Localizations.Infrastructure", "src\Infrastructure\Localizations\ExpressStore.Localizations.Infrastructure\ExpressStore.Localizations.Infrastructure.csproj", "{E1F268AE-024C-4BD3-8530-A8460E1BF5BA}"
EndProject
Project("{2150E333-8FDC-42A3-9474-1A3956D46DE8}") = "Web APIs", "Web APIs", "{F6019F0E-FAD4-4355-871D-E6833662EA52}"
EndProject
Project("{2150E333-8FDC-42A3-9474-1A3956D46DE8}") = "Localizations", "Localizations", "{3F402A3D-6A8E-4553-8DDF-BB15BA550578}"
EndProject
Project("{FAE04EC0-301F-11D3-BF4B-00C04F79EFBC}") = "ExpressStore.Services.Localizations.API", "src\WebAPIs\Localizations\ExpressStore.Services.Localizations.API\ExpressStore.Services.Localizations.API.csproj", "{28A62A44-A2BE-4AA9-A113-DA76A697A42D}"
EndProject
Global
	GlobalSection(SolutionConfigurationPlatforms) = preSolution
		Debug|Any CPU = Debug|Any CPU
		Release|Any CPU = Release|Any CPU
	EndGlobalSection
	GlobalSection(ProjectConfigurationPlatforms) = postSolution
		{257B5FBA-0425-463B-855B-9F0AC03E917E}.Debug|Any CPU.ActiveCfg = Debug|Any CPU
		{257B5FBA-0425-463B-855B-9F0AC03E917E}.Debug|Any CPU.Build.0 = Debug|Any CPU
		{257B5FBA-0425-463B-855B-9F0AC03E917E}.Release|Any CPU.ActiveCfg = Release|Any CPU
		{257B5FBA-0425-463B-855B-9F0AC03E917E}.Release|Any CPU.Build.0 = Release|Any CPU
		{E1F268AE-024C-4BD3-8530-A8460E1BF5BA}.Debug|Any CPU.ActiveCfg = Debug|Any CPU
		{E1F268AE-024C-4BD3-8530-A8460E1BF5BA}.Debug|Any CPU.Build.0 = Debug|Any CPU
		{E1F268AE-024C-4BD3-8530-A8460E1BF5BA}.Release|Any CPU.ActiveCfg = Release|Any CPU
		{E1F268AE-024C-4BD3-8530-A8460E1BF5BA}.Release|Any CPU.Build.0 = Release|Any CPU
		{28A62A44-A2BE-4AA9-A113-DA76A697A42D}.Debug|Any CPU.ActiveCfg = Debug|Any CPU
		{28A62A44-A2BE-4AA9-A113-DA76A697A42D}.Debug|Any CPU.Build.0 = Debug|Any CPU
		{28A62A44-A2BE-4AA9-A113-DA76A697A42D}.Release|Any CPU.ActiveCfg = Release|Any CPU
		{28A62A44-A2BE-4AA9-A113-DA76A697A42D}.Release|Any CPU.Build.0 = Release|Any CPU
	EndGlobalSection
	GlobalSection(SolutionProperties) = preSolution
		HideSolutionNode = FALSE
	EndGlobalSection
	GlobalSection(NestedProjects) = preSolution
		{3CD637F7-99A3-4DB0-BDD3-4660983DFC26} = {15A1828A-77A9-49BF-A579-6269326811E5}
		{FF986872-5B27-43AD-9491-A205433AD71F} = {3CD637F7-99A3-4DB0-BDD3-4660983DFC26}
		{257B5FBA-0425-463B-855B-9F0AC03E917E} = {FF986872-5B27-43AD-9491-A205433AD71F}
		{A5CF2B5B-963B-4ECA-8E5C-150FD70C48D7} = {15A1828A-77A9-49BF-A579-6269326811E5}
		{3B271122-3F72-4B51-9D5B-2E42682797C8} = {A5CF2B5B-963B-4ECA-8E5C-150FD70C48D7}
		{E1F268AE-024C-4BD3-8530-A8460E1BF5BA} = {3B271122-3F72-4B51-9D5B-2E42682797C8}
		{F6019F0E-FAD4-4355-871D-E6833662EA52} = {15A1828A-77A9-49BF-A579-6269326811E5}
		{3F402A3D-6A8E-4553-8DDF-BB15BA550578} = {F6019F0E-FAD4-4355-871D-E6833662EA52}
		{28A62A44-A2BE-4AA9-A113-DA76A697A42D} = {3F402A3D-6A8E-4553-8DDF-BB15BA550578}
	EndGlobalSection
	GlobalSection(ExtensibilityGlobals) = postSolution
		SolutionGuid = {398F756C-8916-48BD-9D74-7E5848CB47B8}
	EndGlobalSection
EndGlobal
