
Microsoft Visual Studio Solution File, Format Version 12.00
# Visual Studio Version 17
VisualStudioVersion = 17.3.32819.101
MinimumVisualStudioVersion = 10.0.40219.1
Project("{2150E333-8FDC-42A3-9474-1A3956D46DE8}") = "source", "source", "{4D8B3B95-23AB-44CF-A3B3-BDE963891481}"
EndProject
Project("{2150E333-8FDC-42A3-9474-1A3956D46DE8}") = "Modules", "Modules", "{462F7FAD-48D3-4E87-A013-65C59F0C29C4}"
EndProject
Project("{9A19103F-16F7-4668-BE54-9A1E7A4F7556}") = "ExpressStore.Modules.Core", "source\Modules\ExpressStore.Modules.Core\ExpressStore.Modules.Core.csproj", "{3F6A006A-A321-4EAC-8062-CB5810D5AE84}"
EndProject
Project("{2150E333-8FDC-42A3-9474-1A3956D46DE8}") = "Infrastructure", "Infrastructure", "{DAAE7F85-6F06-4969-A650-049082F7AEC1}"
EndProject
Project("{9A19103F-16F7-4668-BE54-9A1E7A4F7556}") = "ExpressStore.Infrastructure", "source\Infrastructure\ExpressStore.Infrastructure\ExpressStore.Infrastructure.csproj", "{C1F992DF-9617-4731-9FBB-4EA112DDE88B}"
EndProject
Project("{2150E333-8FDC-42A3-9474-1A3956D46DE8}") = "test", "test", "{2F9CBFF5-DBF2-4676-ACEF-C3569A0354A3}"
EndProject
Project("{9A19103F-16F7-4668-BE54-9A1E7A4F7556}") = "ExpressStore.Modules.Core.Tests", "test\ExpressStore.Modules.Core.Tests\ExpressStore.Modules.Core.Tests.csproj", "{88FCEE83-3A54-495A-86AA-4D2AF0D05319}"
EndProject
Project("{9A19103F-16F7-4668-BE54-9A1E7A4F7556}") = "ExpressStore.Infrastructure.Tests", "test\ExpressStore.Infrastructure.Tests\ExpressStore.Infrastructure.Tests.csproj", "{78CB156D-DC43-49F1-AB64-3197D05D22A7}"
EndProject
Project("{9A19103F-16F7-4668-BE54-9A1E7A4F7556}") = "ExpressStore.Modules.DinkToPdf", "source\Modules\ExpressStore.Modules.DinkToPdf\ExpressStore.Modules.DinkToPdf.csproj", "{B024A18F-9235-49A2-B510-ED90F80DB799}"
EndProject
Project("{2150E333-8FDC-42A3-9474-1A3956D46DE8}") = "API", "API", "{A2215D0E-50A7-4B4A-9910-2C0E68231FE6}"
EndProject
Project("{9A19103F-16F7-4668-BE54-9A1E7A4F7556}") = "ExpressStore.Services.Core.API", "source\APIs\ExpressStore.Services.Core.API\ExpressStore.Services.Core.API.csproj", "{F89BC424-4E84-476E-9CB4-D6011E2F7AB8}"
EndProject
Project("{2150E333-8FDC-42A3-9474-1A3956D46DE8}") = "Domain", "Domain", "{9C442C4B-28E4-420C-ACCF-6B3EDCE02A2B}"
EndProject
Project("{2150E333-8FDC-42A3-9474-1A3956D46DE8}") = "Application", "Application", "{830A805A-1A49-46FF-815D-B8F1B42D4F03}"
EndProject
Project("{2150E333-8FDC-42A3-9474-1A3956D46DE8}") = "Adapters", "Adapters", "{3D87B1F7-0EDB-4E6A-A4FD-0709982B4306}"
EndProject
Project("{2150E333-8FDC-42A3-9474-1A3956D46DE8}") = "Ports", "Ports", "{179E776E-FDBC-45A6-B296-CCA72FCCD1CC}"
EndProject
Project("{FAE04EC0-301F-11D3-BF4B-00C04F79EFBC}") = "ExpressStore.Domain", "source\Domain\ExpressStore.Domain\ExpressStore.Domain.csproj", "{30DB8C83-5855-488E-AA5C-623223B4D889}"
EndProject
Project("{FAE04EC0-301F-11D3-BF4B-00C04F79EFBC}") = "ExpressStore.DomainCore", "source\Domain\ExpressStore.DomainCore\ExpressStore.DomainCore.csproj", "{D40008DB-70EF-4A9E-B67C-82FE1EE896CE}"
EndProject
Project("{2150E333-8FDC-42A3-9474-1A3956D46DE8}") = "WebAPIS", "WebAPIS", "{4B815B38-E068-47A7-8362-193B68E7EC7F}"
EndProject
Project("{FAE04EC0-301F-11D3-BF4B-00C04F79EFBC}") = "ExpressStore.Services.Core.API", "source\Ports\WebAPIs\ExpressStore.Services.Core.API\ExpressStore.Services.Core.API.csproj", "{5BB6F004-4157-4A3F-992D-6C5D0DEC5639}"
EndProject
Global
	GlobalSection(SolutionConfigurationPlatforms) = preSolution
		Debug|Any CPU = Debug|Any CPU
		Release|Any CPU = Release|Any CPU
	EndGlobalSection
	GlobalSection(ProjectConfigurationPlatforms) = postSolution
		{3F6A006A-A321-4EAC-8062-CB5810D5AE84}.Debug|Any CPU.ActiveCfg = Debug|Any CPU
		{3F6A006A-A321-4EAC-8062-CB5810D5AE84}.Debug|Any CPU.Build.0 = Debug|Any CPU
		{3F6A006A-A321-4EAC-8062-CB5810D5AE84}.Release|Any CPU.ActiveCfg = Release|Any CPU
		{3F6A006A-A321-4EAC-8062-CB5810D5AE84}.Release|Any CPU.Build.0 = Release|Any CPU
		{C1F992DF-9617-4731-9FBB-4EA112DDE88B}.Debug|Any CPU.ActiveCfg = Debug|Any CPU
		{C1F992DF-9617-4731-9FBB-4EA112DDE88B}.Debug|Any CPU.Build.0 = Debug|Any CPU
		{C1F992DF-9617-4731-9FBB-4EA112DDE88B}.Release|Any CPU.ActiveCfg = Release|Any CPU
		{C1F992DF-9617-4731-9FBB-4EA112DDE88B}.Release|Any CPU.Build.0 = Release|Any CPU
		{88FCEE83-3A54-495A-86AA-4D2AF0D05319}.Debug|Any CPU.ActiveCfg = Debug|Any CPU
		{88FCEE83-3A54-495A-86AA-4D2AF0D05319}.Debug|Any CPU.Build.0 = Debug|Any CPU
		{88FCEE83-3A54-495A-86AA-4D2AF0D05319}.Release|Any CPU.ActiveCfg = Release|Any CPU
		{88FCEE83-3A54-495A-86AA-4D2AF0D05319}.Release|Any CPU.Build.0 = Release|Any CPU
		{78CB156D-DC43-49F1-AB64-3197D05D22A7}.Debug|Any CPU.ActiveCfg = Debug|Any CPU
		{78CB156D-DC43-49F1-AB64-3197D05D22A7}.Debug|Any CPU.Build.0 = Debug|Any CPU
		{78CB156D-DC43-49F1-AB64-3197D05D22A7}.Release|Any CPU.ActiveCfg = Release|Any CPU
		{78CB156D-DC43-49F1-AB64-3197D05D22A7}.Release|Any CPU.Build.0 = Release|Any CPU
		{B024A18F-9235-49A2-B510-ED90F80DB799}.Debug|Any CPU.ActiveCfg = Debug|Any CPU
		{B024A18F-9235-49A2-B510-ED90F80DB799}.Debug|Any CPU.Build.0 = Debug|Any CPU
		{B024A18F-9235-49A2-B510-ED90F80DB799}.Release|Any CPU.ActiveCfg = Release|Any CPU
		{B024A18F-9235-49A2-B510-ED90F80DB799}.Release|Any CPU.Build.0 = Release|Any CPU
		{F89BC424-4E84-476E-9CB4-D6011E2F7AB8}.Debug|Any CPU.ActiveCfg = Debug|Any CPU
		{F89BC424-4E84-476E-9CB4-D6011E2F7AB8}.Debug|Any CPU.Build.0 = Debug|Any CPU
		{F89BC424-4E84-476E-9CB4-D6011E2F7AB8}.Release|Any CPU.ActiveCfg = Release|Any CPU
		{F89BC424-4E84-476E-9CB4-D6011E2F7AB8}.Release|Any CPU.Build.0 = Release|Any CPU
		{30DB8C83-5855-488E-AA5C-623223B4D889}.Debug|Any CPU.ActiveCfg = Debug|Any CPU
		{30DB8C83-5855-488E-AA5C-623223B4D889}.Debug|Any CPU.Build.0 = Debug|Any CPU
		{30DB8C83-5855-488E-AA5C-623223B4D889}.Release|Any CPU.ActiveCfg = Release|Any CPU
		{30DB8C83-5855-488E-AA5C-623223B4D889}.Release|Any CPU.Build.0 = Release|Any CPU
		{D40008DB-70EF-4A9E-B67C-82FE1EE896CE}.Debug|Any CPU.ActiveCfg = Debug|Any CPU
		{D40008DB-70EF-4A9E-B67C-82FE1EE896CE}.Debug|Any CPU.Build.0 = Debug|Any CPU
		{D40008DB-70EF-4A9E-B67C-82FE1EE896CE}.Release|Any CPU.ActiveCfg = Release|Any CPU
		{D40008DB-70EF-4A9E-B67C-82FE1EE896CE}.Release|Any CPU.Build.0 = Release|Any CPU
		{5BB6F004-4157-4A3F-992D-6C5D0DEC5639}.Debug|Any CPU.ActiveCfg = Debug|Any CPU
		{5BB6F004-4157-4A3F-992D-6C5D0DEC5639}.Debug|Any CPU.Build.0 = Debug|Any CPU
		{5BB6F004-4157-4A3F-992D-6C5D0DEC5639}.Release|Any CPU.ActiveCfg = Release|Any CPU
		{5BB6F004-4157-4A3F-992D-6C5D0DEC5639}.Release|Any CPU.Build.0 = Release|Any CPU
	EndGlobalSection
	GlobalSection(SolutionProperties) = preSolution
		HideSolutionNode = FALSE
	EndGlobalSection
	GlobalSection(NestedProjects) = preSolution
		{462F7FAD-48D3-4E87-A013-65C59F0C29C4} = {4D8B3B95-23AB-44CF-A3B3-BDE963891481}
		{3F6A006A-A321-4EAC-8062-CB5810D5AE84} = {462F7FAD-48D3-4E87-A013-65C59F0C29C4}
		{DAAE7F85-6F06-4969-A650-049082F7AEC1} = {4D8B3B95-23AB-44CF-A3B3-BDE963891481}
		{C1F992DF-9617-4731-9FBB-4EA112DDE88B} = {DAAE7F85-6F06-4969-A650-049082F7AEC1}
		{88FCEE83-3A54-495A-86AA-4D2AF0D05319} = {2F9CBFF5-DBF2-4676-ACEF-C3569A0354A3}
		{78CB156D-DC43-49F1-AB64-3197D05D22A7} = {2F9CBFF5-DBF2-4676-ACEF-C3569A0354A3}
		{B024A18F-9235-49A2-B510-ED90F80DB799} = {462F7FAD-48D3-4E87-A013-65C59F0C29C4}
		{A2215D0E-50A7-4B4A-9910-2C0E68231FE6} = {4D8B3B95-23AB-44CF-A3B3-BDE963891481}
		{F89BC424-4E84-476E-9CB4-D6011E2F7AB8} = {A2215D0E-50A7-4B4A-9910-2C0E68231FE6}
		{9C442C4B-28E4-420C-ACCF-6B3EDCE02A2B} = {4D8B3B95-23AB-44CF-A3B3-BDE963891481}
		{830A805A-1A49-46FF-815D-B8F1B42D4F03} = {4D8B3B95-23AB-44CF-A3B3-BDE963891481}
		{3D87B1F7-0EDB-4E6A-A4FD-0709982B4306} = {4D8B3B95-23AB-44CF-A3B3-BDE963891481}
		{179E776E-FDBC-45A6-B296-CCA72FCCD1CC} = {4D8B3B95-23AB-44CF-A3B3-BDE963891481}
		{30DB8C83-5855-488E-AA5C-623223B4D889} = {9C442C4B-28E4-420C-ACCF-6B3EDCE02A2B}
		{D40008DB-70EF-4A9E-B67C-82FE1EE896CE} = {9C442C4B-28E4-420C-ACCF-6B3EDCE02A2B}
		{4B815B38-E068-47A7-8362-193B68E7EC7F} = {179E776E-FDBC-45A6-B296-CCA72FCCD1CC}
		{5BB6F004-4157-4A3F-992D-6C5D0DEC5639} = {4B815B38-E068-47A7-8362-193B68E7EC7F}
	EndGlobalSection
	GlobalSection(ExtensibilityGlobals) = postSolution
		SolutionGuid = {1E58679A-31C8-4970-9D64-397D01915BFB}
	EndGlobalSection
EndGlobal
