
Microsoft Visual Studio Solution File, Format Version 12.00
# Visual Studio Version 17
VisualStudioVersion = 17.0.31903.59
MinimumVisualStudioVersion = 10.0.40219.1
Project("{2150E333-8FDC-42A3-9474-1A3956D46DE8}") = "src", "src", "{15408784-FD52-4980-9D7A-F455359C32D2}"
EndProject
Project("{2150E333-8FDC-42A3-9474-1A3956D46DE8}") = "Modules", "Modules", "{9E6BEFB1-DCE0-4FB9-A852-FDE0ED554771}"
EndProject
Project("{2150E333-8FDC-42A3-9474-1A3956D46DE8}") = "Product", "Product", "{5F654C67-BB2A-4C1B-98BD-FD5B6E7226F5}"
EndProject
Project("{FAE04EC0-301F-11D3-BF4B-00C04F79EFBC}") = "ExpressStore.Module.ProductComparision", "src\Modules\Product\ExpressStore.Module.ProductComparision\ExpressStore.Module.ProductComparision.csproj", "{3256E8E6-F448-44BE-A3F6-889BD82A6585}"
EndProject
Project("{2150E333-8FDC-42A3-9474-1A3956D46DE8}") = "Infrastructure", "Infrastructure", "{750FF0E6-16CA-4E49-B484-46D1B39EA9BC}"
EndProject
Project("{FAE04EC0-301F-11D3-BF4B-00C04F79EFBC}") = "ExpressStore.Module.ProductRecently", "src\Modules\Product\ExpressStore.Module.ProductRecently\ExpressStore.Module.ProductRecently.csproj", "{3721B57A-87F4-490E-9D81-658D733A9F31}"
EndProject
Project("{FAE04EC0-301F-11D3-BF4B-00C04F79EFBC}") = "ExpressStore.Product.Infrastructure", "src\Infrastructure\Product\ExpressStore.Product.Infrastructure\ExpressStore.Product.Infrastructure.csproj", "{FD79F0FF-E00B-4875-B372-C38789916429}"
EndProject
Project("{2150E333-8FDC-42A3-9474-1A3956D46DE8}") = "WebAPI", "WebAPI", "{B88BCC9E-0054-43C8-AC11-7AB2C0DBF4F0}"
EndProject
Project("{2150E333-8FDC-42A3-9474-1A3956D46DE8}") = "Products", "Products", "{ADA16D2D-74FF-48DF-B999-C3E351B5D67D}"
EndProject
Project("{FAE04EC0-301F-11D3-BF4B-00C04F79EFBC}") = "ExpressStore.Services.ProductRecently.API", "src\WebAPIs\Products\ExpressStore.Services.ProductRecently.API\ExpressStore.Services.ProductRecently.API.csproj", "{38F522BA-EE02-4A73-A75A-FD143CBAAA2E}"
EndProject
Project("{FAE04EC0-301F-11D3-BF4B-00C04F79EFBC}") = "ExpressStore.Services.ProductComparision.API", "src\WebAPIs\Products\ExpressStore.Services.ProductComparision.API\ExpressStore.Services.ProductComparision.API.csproj", "{9598F111-22DF-4B06-A4B0-7252AFC8318D}"
EndProject
Global
	GlobalSection(SolutionConfigurationPlatforms) = preSolution
		Debug|Any CPU = Debug|Any CPU
		Release|Any CPU = Release|Any CPU
	EndGlobalSection
	GlobalSection(ProjectConfigurationPlatforms) = postSolution
		{3256E8E6-F448-44BE-A3F6-889BD82A6585}.Debug|Any CPU.ActiveCfg = Debug|Any CPU
		{3256E8E6-F448-44BE-A3F6-889BD82A6585}.Debug|Any CPU.Build.0 = Debug|Any CPU
		{3256E8E6-F448-44BE-A3F6-889BD82A6585}.Release|Any CPU.ActiveCfg = Release|Any CPU
		{3256E8E6-F448-44BE-A3F6-889BD82A6585}.Release|Any CPU.Build.0 = Release|Any CPU
		{3721B57A-87F4-490E-9D81-658D733A9F31}.Debug|Any CPU.ActiveCfg = Debug|Any CPU
		{3721B57A-87F4-490E-9D81-658D733A9F31}.Debug|Any CPU.Build.0 = Debug|Any CPU
		{3721B57A-87F4-490E-9D81-658D733A9F31}.Release|Any CPU.ActiveCfg = Release|Any CPU
		{3721B57A-87F4-490E-9D81-658D733A9F31}.Release|Any CPU.Build.0 = Release|Any CPU
		{FD79F0FF-E00B-4875-B372-C38789916429}.Debug|Any CPU.ActiveCfg = Debug|Any CPU
		{FD79F0FF-E00B-4875-B372-C38789916429}.Debug|Any CPU.Build.0 = Debug|Any CPU
		{FD79F0FF-E00B-4875-B372-C38789916429}.Release|Any CPU.ActiveCfg = Release|Any CPU
		{FD79F0FF-E00B-4875-B372-C38789916429}.Release|Any CPU.Build.0 = Release|Any CPU
		{38F522BA-EE02-4A73-A75A-FD143CBAAA2E}.Debug|Any CPU.ActiveCfg = Debug|Any CPU
		{38F522BA-EE02-4A73-A75A-FD143CBAAA2E}.Debug|Any CPU.Build.0 = Debug|Any CPU
		{38F522BA-EE02-4A73-A75A-FD143CBAAA2E}.Release|Any CPU.ActiveCfg = Release|Any CPU
		{38F522BA-EE02-4A73-A75A-FD143CBAAA2E}.Release|Any CPU.Build.0 = Release|Any CPU
		{9598F111-22DF-4B06-A4B0-7252AFC8318D}.Debug|Any CPU.ActiveCfg = Debug|Any CPU
		{9598F111-22DF-4B06-A4B0-7252AFC8318D}.Debug|Any CPU.Build.0 = Debug|Any CPU
		{9598F111-22DF-4B06-A4B0-7252AFC8318D}.Release|Any CPU.ActiveCfg = Release|Any CPU
		{9598F111-22DF-4B06-A4B0-7252AFC8318D}.Release|Any CPU.Build.0 = Release|Any CPU
	EndGlobalSection
	GlobalSection(SolutionProperties) = preSolution
		HideSolutionNode = FALSE
	EndGlobalSection
	GlobalSection(NestedProjects) = preSolution
		{9E6BEFB1-DCE0-4FB9-A852-FDE0ED554771} = {15408784-FD52-4980-9D7A-F455359C32D2}
		{5F654C67-BB2A-4C1B-98BD-FD5B6E7226F5} = {9E6BEFB1-DCE0-4FB9-A852-FDE0ED554771}
		{3256E8E6-F448-44BE-A3F6-889BD82A6585} = {5F654C67-BB2A-4C1B-98BD-FD5B6E7226F5}
		{750FF0E6-16CA-4E49-B484-46D1B39EA9BC} = {15408784-FD52-4980-9D7A-F455359C32D2}
		{3721B57A-87F4-490E-9D81-658D733A9F31} = {5F654C67-BB2A-4C1B-98BD-FD5B6E7226F5}
		{FD79F0FF-E00B-4875-B372-C38789916429} = {750FF0E6-16CA-4E49-B484-46D1B39EA9BC}
		{B88BCC9E-0054-43C8-AC11-7AB2C0DBF4F0} = {15408784-FD52-4980-9D7A-F455359C32D2}
		{ADA16D2D-74FF-48DF-B999-C3E351B5D67D} = {B88BCC9E-0054-43C8-AC11-7AB2C0DBF4F0}
		{38F522BA-EE02-4A73-A75A-FD143CBAAA2E} = {ADA16D2D-74FF-48DF-B999-C3E351B5D67D}
		{9598F111-22DF-4B06-A4B0-7252AFC8318D} = {ADA16D2D-74FF-48DF-B999-C3E351B5D67D}
	EndGlobalSection
	GlobalSection(ExtensibilityGlobals) = postSolution
		SolutionGuid = {1D385E6E-E2D8-49E7-B3F1-7095656A2DE9}
	EndGlobalSection
EndGlobal
