
Microsoft Visual Studio Solution File, Format Version 12.00
# Visual Studio Version 17
VisualStudioVersion = 17.0.31903.59
MinimumVisualStudioVersion = 10.0.40219.1
Project("{2150E333-8FDC-42A3-9474-1A3956D46DE8}") = "src", "src", "{CFF4B73B-5A2E-42E2-9E32-B8F43D1861D4}"
EndProject
Project("{2150E333-8FDC-42A3-9474-1A3956D46DE8}") = "Modules", "Modules", "{3A1D1E3E-8388-4C75-9EA8-3115F10C94EE}"
EndProject
Project("{2150E333-8FDC-42A3-9474-1A3956D46DE8}") = "News", "News", "{7A6EC797-0FE7-4CFE-A937-9A5B6B667D4F}"
EndProject
Project("{FAE04EC0-301F-11D3-BF4B-00C04F79EFBC}") = "ExpressStore.Modules.News", "src\Modules\News\ExpressStore.Modules.News\ExpressStore.Modules.News.csproj", "{666DF3EE-DA5F-4299-8FCA-B3B0BE525885}"
EndProject
Project("{2150E333-8FDC-42A3-9474-1A3956D46DE8}") = "Infrastructure", "Infrastructure", "{C0B843D4-3A45-435F-B64F-B50DF7D7710A}"
EndProject
Project("{2150E333-8FDC-42A3-9474-1A3956D46DE8}") = "News", "News", "{02F5E74C-0D96-41AC-9547-7CD39A628984}"
EndProject
Project("{FAE04EC0-301F-11D3-BF4B-00C04F79EFBC}") = "ExpressStore.News.Infrastructure", "src\Infrastructure\News\ExpressStore.News.Infrastructure\ExpressStore.News.Infrastructure.csproj", "{C36975D7-70D8-404B-83E9-6235F980B80B}"
EndProject
Project("{2150E333-8FDC-42A3-9474-1A3956D46DE8}") = "Web APIs", "Web APIs", "{691AB85E-BB61-427E-9FBE-DC95F7A3C2F1}"
EndProject
Project("{2150E333-8FDC-42A3-9474-1A3956D46DE8}") = "News", "News", "{C4208C97-6FBA-4D43-B698-2EAE7AB4D2BA}"
EndProject
Project("{FAE04EC0-301F-11D3-BF4B-00C04F79EFBC}") = "ExpressStore.Services.News.API", "src\WebAPIs\News\ExpressStore.Services.News.API\ExpressStore.Services.News.API.csproj", "{D95FEF4B-A586-41F8-9067-5787ADC23C61}"
EndProject
Global
	GlobalSection(SolutionConfigurationPlatforms) = preSolution
		Debug|Any CPU = Debug|Any CPU
		Release|Any CPU = Release|Any CPU
	EndGlobalSection
	GlobalSection(ProjectConfigurationPlatforms) = postSolution
		{666DF3EE-DA5F-4299-8FCA-B3B0BE525885}.Debug|Any CPU.ActiveCfg = Debug|Any CPU
		{666DF3EE-DA5F-4299-8FCA-B3B0BE525885}.Debug|Any CPU.Build.0 = Debug|Any CPU
		{666DF3EE-DA5F-4299-8FCA-B3B0BE525885}.Release|Any CPU.ActiveCfg = Release|Any CPU
		{666DF3EE-DA5F-4299-8FCA-B3B0BE525885}.Release|Any CPU.Build.0 = Release|Any CPU
		{C36975D7-70D8-404B-83E9-6235F980B80B}.Debug|Any CPU.ActiveCfg = Debug|Any CPU
		{C36975D7-70D8-404B-83E9-6235F980B80B}.Debug|Any CPU.Build.0 = Debug|Any CPU
		{C36975D7-70D8-404B-83E9-6235F980B80B}.Release|Any CPU.ActiveCfg = Release|Any CPU
		{C36975D7-70D8-404B-83E9-6235F980B80B}.Release|Any CPU.Build.0 = Release|Any CPU
		{D95FEF4B-A586-41F8-9067-5787ADC23C61}.Debug|Any CPU.ActiveCfg = Debug|Any CPU
		{D95FEF4B-A586-41F8-9067-5787ADC23C61}.Debug|Any CPU.Build.0 = Debug|Any CPU
		{D95FEF4B-A586-41F8-9067-5787ADC23C61}.Release|Any CPU.ActiveCfg = Release|Any CPU
		{D95FEF4B-A586-41F8-9067-5787ADC23C61}.Release|Any CPU.Build.0 = Release|Any CPU
	EndGlobalSection
	GlobalSection(SolutionProperties) = preSolution
		HideSolutionNode = FALSE
	EndGlobalSection
	GlobalSection(NestedProjects) = preSolution
		{3A1D1E3E-8388-4C75-9EA8-3115F10C94EE} = {CFF4B73B-5A2E-42E2-9E32-B8F43D1861D4}
		{7A6EC797-0FE7-4CFE-A937-9A5B6B667D4F} = {3A1D1E3E-8388-4C75-9EA8-3115F10C94EE}
		{666DF3EE-DA5F-4299-8FCA-B3B0BE525885} = {7A6EC797-0FE7-4CFE-A937-9A5B6B667D4F}
		{C0B843D4-3A45-435F-B64F-B50DF7D7710A} = {CFF4B73B-5A2E-42E2-9E32-B8F43D1861D4}
		{02F5E74C-0D96-41AC-9547-7CD39A628984} = {C0B843D4-3A45-435F-B64F-B50DF7D7710A}
		{C36975D7-70D8-404B-83E9-6235F980B80B} = {02F5E74C-0D96-41AC-9547-7CD39A628984}
		{691AB85E-BB61-427E-9FBE-DC95F7A3C2F1} = {CFF4B73B-5A2E-42E2-9E32-B8F43D1861D4}
		{C4208C97-6FBA-4D43-B698-2EAE7AB4D2BA} = {691AB85E-BB61-427E-9FBE-DC95F7A3C2F1}
		{D95FEF4B-A586-41F8-9067-5787ADC23C61} = {C4208C97-6FBA-4D43-B698-2EAE7AB4D2BA}
	EndGlobalSection
	GlobalSection(ExtensibilityGlobals) = postSolution
		SolutionGuid = {266242CF-C93D-4155-9E16-C486AF921E91}
	EndGlobalSection
EndGlobal
