
Microsoft Visual Studio Solution File, Format Version 12.00
# Visual Studio Version 17
VisualStudioVersion = 17.0.31903.59
MinimumVisualStudioVersion = 10.0.40219.1
Project("{2150E333-8FDC-42A3-9474-1A3956D46DE8}") = "src", "src", "{AD151DAA-FDD7-430C-B0E1-3D232D42A4F4}"
EndProject
Project("{2150E333-8FDC-42A3-9474-1A3956D46DE8}") = "Modules", "Modules", "{6083CAD7-8ABD-41F3-B1E7-88BF795E9A77}"
EndProject
Project("{FAE04EC0-301F-11D3-BF4B-00C04F79EFBC}") = "ExpressStore.Modules.Inventory", "src\Modules\Inventory\ExpressStore.Modules.Inventory\ExpressStore.Modules.Inventory.csproj", "{0C91CA1C-9B03-468C-AA6C-83A427C9E524}"
EndProject
Project("{2150E333-8FDC-42A3-9474-1A3956D46DE8}") = "Infrastructure", "Infrastructure", "{A4C8D83F-5163-42BB-AE49-85CF2FE976F7}"
EndProject
Project("{2150E333-8FDC-42A3-9474-1A3956D46DE8}") = "Inventory", "Inventory", "{E59E409D-4331-453E-AA3D-EB993269138D}"
EndProject
Project("{FAE04EC0-301F-11D3-BF4B-00C04F79EFBC}") = "ExpressStore.Inventory.Infrastructure", "src\Infrastructure\Inventory\ExpressStore.Inventory.Infrastructure\ExpressStore.Inventory.Infrastructure.csproj", "{B7D35F23-6678-40BA-86EF-67A552B7DF36}"
EndProject
Project("{2150E333-8FDC-42A3-9474-1A3956D46DE8}") = "Web APIs", "Web APIs", "{81378B06-46EF-4104-8C5F-FBF1B4FFAAE8}"
EndProject
Project("{FAE04EC0-301F-11D3-BF4B-00C04F79EFBC}") = "ExpressStore.Services.Inventory.API", "src\WebAPIs\Inventory\ExpressStore.Services.Inventory.API\ExpressStore.Services.Inventory.API.csproj", "{1A251C3E-399E-4C1B-901E-1A7816A71A82}"
EndProject
Global
	GlobalSection(SolutionConfigurationPlatforms) = preSolution
		Debug|Any CPU = Debug|Any CPU
		Release|Any CPU = Release|Any CPU
	EndGlobalSection
	GlobalSection(ProjectConfigurationPlatforms) = postSolution
		{0C91CA1C-9B03-468C-AA6C-83A427C9E524}.Debug|Any CPU.ActiveCfg = Debug|Any CPU
		{0C91CA1C-9B03-468C-AA6C-83A427C9E524}.Debug|Any CPU.Build.0 = Debug|Any CPU
		{0C91CA1C-9B03-468C-AA6C-83A427C9E524}.Release|Any CPU.ActiveCfg = Release|Any CPU
		{0C91CA1C-9B03-468C-AA6C-83A427C9E524}.Release|Any CPU.Build.0 = Release|Any CPU
		{B7D35F23-6678-40BA-86EF-67A552B7DF36}.Debug|Any CPU.ActiveCfg = Debug|Any CPU
		{B7D35F23-6678-40BA-86EF-67A552B7DF36}.Debug|Any CPU.Build.0 = Debug|Any CPU
		{B7D35F23-6678-40BA-86EF-67A552B7DF36}.Release|Any CPU.ActiveCfg = Release|Any CPU
		{B7D35F23-6678-40BA-86EF-67A552B7DF36}.Release|Any CPU.Build.0 = Release|Any CPU
		{1A251C3E-399E-4C1B-901E-1A7816A71A82}.Debug|Any CPU.ActiveCfg = Debug|Any CPU
		{1A251C3E-399E-4C1B-901E-1A7816A71A82}.Debug|Any CPU.Build.0 = Debug|Any CPU
		{1A251C3E-399E-4C1B-901E-1A7816A71A82}.Release|Any CPU.ActiveCfg = Release|Any CPU
		{1A251C3E-399E-4C1B-901E-1A7816A71A82}.Release|Any CPU.Build.0 = Release|Any CPU
	EndGlobalSection
	GlobalSection(SolutionProperties) = preSolution
		HideSolutionNode = FALSE
	EndGlobalSection
	GlobalSection(NestedProjects) = preSolution
		{6083CAD7-8ABD-41F3-B1E7-88BF795E9A77} = {AD151DAA-FDD7-430C-B0E1-3D232D42A4F4}
		{0C91CA1C-9B03-468C-AA6C-83A427C9E524} = {6083CAD7-8ABD-41F3-B1E7-88BF795E9A77}
		{A4C8D83F-5163-42BB-AE49-85CF2FE976F7} = {AD151DAA-FDD7-430C-B0E1-3D232D42A4F4}
		{E59E409D-4331-453E-AA3D-EB993269138D} = {A4C8D83F-5163-42BB-AE49-85CF2FE976F7}
		{B7D35F23-6678-40BA-86EF-67A552B7DF36} = {E59E409D-4331-453E-AA3D-EB993269138D}
		{81378B06-46EF-4104-8C5F-FBF1B4FFAAE8} = {AD151DAA-FDD7-430C-B0E1-3D232D42A4F4}
		{1A251C3E-399E-4C1B-901E-1A7816A71A82} = {81378B06-46EF-4104-8C5F-FBF1B4FFAAE8}
	EndGlobalSection
	GlobalSection(ExtensibilityGlobals) = postSolution
		SolutionGuid = {7042667D-B660-4BF0-A11E-C2D43C721A4C}
	EndGlobalSection
EndGlobal
