
Microsoft Visual Studio Solution File, Format Version 12.00
# Visual Studio Version 17
VisualStudioVersion = 17.3.32819.101
MinimumVisualStudioVersion = 10.0.40219.1
Project("{2150E333-8FDC-42A3-9474-1A3956D46DE8}") = "source", "source", "{4D8B3B95-23AB-44CF-A3B3-BDE963891481}"
EndProject
Project("{2150E333-8FDC-42A3-9474-1A3956D46DE8}") = "Modules", "Modules", "{462F7FAD-48D3-4E87-A013-65C59F0C29C4}"
EndProject
Project("{9A19103F-16F7-4668-BE54-9A1E7A4F7556}") = "ExpressStore.Modules.Core", "source\Modules\ExpressStore.Modules.Core\ExpressStore.Modules.Core.csproj", "{3F6A006A-A321-4EAC-8062-CB5810D5AE84}"
EndProject
Project("{2150E333-8FDC-42A3-9474-1A3956D46DE8}") = "Infrastructure", "Infrastructure", "{DAAE7F85-6F06-4969-A650-049082F7AEC1}"
EndProject
Project("{9A19103F-16F7-4668-BE54-9A1E7A4F7556}") = "ExpressStore.Infrastructure", "source\Infrastructure\ExpressStore.Infrastructure\ExpressStore.Infrastructure.csproj", "{C1F992DF-9617-4731-9FBB-4EA112DDE88B}"
EndProject
Project("{2150E333-8FDC-42A3-9474-1A3956D46DE8}") = "test", "test", "{2F9CBFF5-DBF2-4676-ACEF-C3569A0354A3}"
EndProject
Project("{9A19103F-16F7-4668-BE54-9A1E7A4F7556}") = "ExpressStore.Modules.Core.Tests", "test\ExpressStore.Modules.Core.Tests\ExpressStore.Modules.Core.Tests.csproj", "{88FCEE83-3A54-495A-86AA-4D2AF0D05319}"
EndProject
Project("{9A19103F-16F7-4668-BE54-9A1E7A4F7556}") = "ExpressStore.Infrastructure.Tests", "test\ExpressStore.Infrastructure.Tests\ExpressStore.Infrastructure.Tests.csproj", "{78CB156D-DC43-49F1-AB64-3197D05D22A7}"
EndProject
Project("{9A19103F-16F7-4668-BE54-9A1E7A4F7556}") = "ExpressStore.Modules.DinkToPdf", "source\Modules\ExpressStore.Modules.DinkToPdf\ExpressStore.Modules.DinkToPdf.csproj", "{B024A18F-9235-49A2-B510-ED90F80DB799}"
EndProject
Project("{2150E333-8FDC-42A3-9474-1A3956D46DE8}") = "API", "API", "{A2215D0E-50A7-4B4A-9910-2C0E68231FE6}"
EndProject
Project("{9A19103F-16F7-4668-BE54-9A1E7A4F7556}") = "ExpressStore.Services.Core.API", "source\APIs\ExpressStore.Services.Core.API\ExpressStore.Services.Core.API.csproj", "{F89BC424-4E84-476E-9CB4-D6011E2F7AB8}"
EndProject
Global
	GlobalSection(SolutionConfigurationPlatforms) = preSolution
		Debug|Any CPU = Debug|Any CPU
		Release|Any CPU = Release|Any CPU
	EndGlobalSection
	GlobalSection(ProjectConfigurationPlatforms) = postSolution
		{3F6A006A-A321-4EAC-8062-CB5810D5AE84}.Debug|Any CPU.ActiveCfg = Debug|Any CPU
		{3F6A006A-A321-4EAC-8062-CB5810D5AE84}.Debug|Any CPU.Build.0 = Debug|Any CPU
		{3F6A006A-A321-4EAC-8062-CB5810D5AE84}.Release|Any CPU.ActiveCfg = Release|Any CPU
		{3F6A006A-A321-4EAC-8062-CB5810D5AE84}.Release|Any CPU.Build.0 = Release|Any CPU
		{C1F992DF-9617-4731-9FBB-4EA112DDE88B}.Debug|Any CPU.ActiveCfg = Debug|Any CPU
		{C1F992DF-9617-4731-9FBB-4EA112DDE88B}.Debug|Any CPU.Build.0 = Debug|Any CPU
		{C1F992DF-9617-4731-9FBB-4EA112DDE88B}.Release|Any CPU.ActiveCfg = Release|Any CPU
		{C1F992DF-9617-4731-9FBB-4EA112DDE88B}.Release|Any CPU.Build.0 = Release|Any CPU
		{88FCEE83-3A54-495A-86AA-4D2AF0D05319}.Debug|Any CPU.ActiveCfg = Debug|Any CPU
		{88FCEE83-3A54-495A-86AA-4D2AF0D05319}.Debug|Any CPU.Build.0 = Debug|Any CPU
		{88FCEE83-3A54-495A-86AA-4D2AF0D05319}.Release|Any CPU.ActiveCfg = Release|Any CPU
		{88FCEE83-3A54-495A-86AA-4D2AF0D05319}.Release|Any CPU.Build.0 = Release|Any CPU
		{78CB156D-DC43-49F1-AB64-3197D05D22A7}.Debug|Any CPU.ActiveCfg = Debug|Any CPU
		{78CB156D-DC43-49F1-AB64-3197D05D22A7}.Debug|Any CPU.Build.0 = Debug|Any CPU
		{78CB156D-DC43-49F1-AB64-3197D05D22A7}.Release|Any CPU.ActiveCfg = Release|Any CPU
		{78CB156D-DC43-49F1-AB64-3197D05D22A7}.Release|Any CPU.Build.0 = Release|Any CPU
		{B024A18F-9235-49A2-B510-ED90F80DB799}.Debug|Any CPU.ActiveCfg = Debug|Any CPU
		{B024A18F-9235-49A2-B510-ED90F80DB799}.Debug|Any CPU.Build.0 = Debug|Any CPU
		{B024A18F-9235-49A2-B510-ED90F80DB799}.Release|Any CPU.ActiveCfg = Release|Any CPU
		{B024A18F-9235-49A2-B510-ED90F80DB799}.Release|Any CPU.Build.0 = Release|Any CPU
		{F89BC424-4E84-476E-9CB4-D6011E2F7AB8}.Debug|Any CPU.ActiveCfg = Debug|Any CPU
		{F89BC424-4E84-476E-9CB4-D6011E2F7AB8}.Debug|Any CPU.Build.0 = Debug|Any CPU
		{F89BC424-4E84-476E-9CB4-D6011E2F7AB8}.Release|Any CPU.ActiveCfg = Release|Any CPU
		{F89BC424-4E84-476E-9CB4-D6011E2F7AB8}.Release|Any CPU.Build.0 = Release|Any CPU
	EndGlobalSection
	GlobalSection(SolutionProperties) = preSolution
		HideSolutionNode = FALSE
	EndGlobalSection
	GlobalSection(NestedProjects) = preSolution
		{462F7FAD-48D3-4E87-A013-65C59F0C29C4} = {4D8B3B95-23AB-44CF-A3B3-BDE963891481}
		{3F6A006A-A321-4EAC-8062-CB5810D5AE84} = {462F7FAD-48D3-4E87-A013-65C59F0C29C4}
		{DAAE7F85-6F06-4969-A650-049082F7AEC1} = {4D8B3B95-23AB-44CF-A3B3-BDE963891481}
		{C1F992DF-9617-4731-9FBB-4EA112DDE88B} = {DAAE7F85-6F06-4969-A650-049082F7AEC1}
		{88FCEE83-3A54-495A-86AA-4D2AF0D05319} = {2F9CBFF5-DBF2-4676-ACEF-C3569A0354A3}
		{78CB156D-DC43-49F1-AB64-3197D05D22A7} = {2F9CBFF5-DBF2-4676-ACEF-C3569A0354A3}
		{B024A18F-9235-49A2-B510-ED90F80DB799} = {462F7FAD-48D3-4E87-A013-65C59F0C29C4}
		{A2215D0E-50A7-4B4A-9910-2C0E68231FE6} = {4D8B3B95-23AB-44CF-A3B3-BDE963891481}
		{F89BC424-4E84-476E-9CB4-D6011E2F7AB8} = {A2215D0E-50A7-4B4A-9910-2C0E68231FE6}
	EndGlobalSection
	GlobalSection(ExtensibilityGlobals) = postSolution
		SolutionGuid = {1E58679A-31C8-4970-9D64-397D01915BFB}
	EndGlobalSection
EndGlobal
