
Microsoft Visual Studio Solution File, Format Version 12.00
# Visual Studio Version 17
VisualStudioVersion = 17.0.31903.59
MinimumVisualStudioVersion = 10.0.40219.1
Project("{2150E333-8FDC-42A3-9474-1A3956D46DE8}") = "src", "src", "{2F8A35E3-6FFD-4E98-9BE9-322626219974}"
EndProject
Project("{2150E333-8FDC-42A3-9474-1A3956D46DE8}") = "Modules", "Modules", "{BC9BC78D-4D88-4C3E-B8E9-B0A4FC89E14C}"
EndProject
Project("{2150E333-8FDC-42A3-9474-1A3956D46DE8}") = "Orders", "Orders", "{10BE4B61-725E-4A9F-B3DC-05F9C83ED683}"
EndProject
Project("{9A19103F-16F7-4668-BE54-9A1E7A4F7556}") = "ExpressStore.Order.Domain", "src\Modules\Orders\ExpressStore.Order.Domain\ExpressStore.Order.Domain.csproj", "{D3C5D7B1-B9D8-48F6-AB56-A7C92207C6CC}"
EndProject
Project("{9A19103F-16F7-4668-BE54-9A1E7A4F7556}") = "ExpressStore.Order.DomainCore", "src\Modules\Orders\ExpressStore.Order.DomainCore\ExpressStore.Order.DomainCore.csproj", "{71F9FB97-9635-4A4C-B4A4-2883C401F3AA}"
EndProject
Project("{2150E333-8FDC-42A3-9474-1A3956D46DE8}") = "Infrastructure", "Infrastructure", "{801ADF88-59A9-4CFA-B707-2D6A9B316438}"
EndProject
Project("{2150E333-8FDC-42A3-9474-1A3956D46DE8}") = "Orders", "Orders", "{A7CB7114-31E4-482F-9976-F4B8D5C022AB}"
EndProject
Project("{9A19103F-16F7-4668-BE54-9A1E7A4F7556}") = "ExpressStore.Infrastructure.CrossCutting.Bus", "src\Infrastructure\Orders\ExpressStore.Infrastructure.CrossCutting.Bus\ExpressStore.Infrastructure.CrossCutting.Bus.csproj", "{1840ABBD-B685-4120-B3D4-8DE5820850FE}"
EndProject
Project("{9A19103F-16F7-4668-BE54-9A1E7A4F7556}") = "ExpressStore.Infrastructure.CrossCutting.Identity", "src\Infrastructure\Orders\ExpressStore.Infrastructure.CrossCutting.Identity\ExpressStore.Infrastructure.CrossCutting.Identity.csproj", "{B06D24BC-4DC9-452E-A9F7-A65A454C72FA}"
EndProject
Project("{9A19103F-16F7-4668-BE54-9A1E7A4F7556}") = "ExpressStore.Infrastructure.CrossCutting.IoC", "src\Infrastructure\Orders\ExpressStore.Infrastructure.CrossCutting.IoC\ExpressStore.Infrastructure.CrossCutting.IoC.csproj", "{AB2C8B59-E973-4C97-9FA0-143ED48DB2B6}"
EndProject
Project("{FAE04EC0-301F-11D3-BF4B-00C04F79EFBC}") = "ExpressStore.Order.Infrastructure.Data", "src\Infrastructure\Orders\ExpressStore.Order.Infrastructure.Data\ExpressStore.Order.Infrastructure.Data.csproj", "{D85E83E9-8B5D-4969-A4A9-AA5EEB4878E9}"
EndProject
Project("{FAE04EC0-301F-11D3-BF4B-00C04F79EFBC}") = "ExpressStore.Order.Application", "src\Modules\Orders\ExpressStore.Order.Application\ExpressStore.Order.Application.csproj", "{B63A9166-55B0-4141-B963-1F2F730AC963}"
EndProject
Project("{2150E333-8FDC-42A3-9474-1A3956D46DE8}") = "Web API", "Web API", "{D4A1B353-A29A-4D94-A8CD-8AE36EFA5422}"
EndProject
Project("{FAE04EC0-301F-11D3-BF4B-00C04F79EFBC}") = "ExpressStore.Order.Services.API", "src\WebAPIs\Orders\ExpressStore.Order.Services.API\ExpressStore.Order.Services.API.csproj", "{1CDE2F00-BDA2-4807-937F-52F126341C8F}"
EndProject
Project("{2150E333-8FDC-42A3-9474-1A3956D46DE8}") = "test", "test", "{F6CD7BEC-BD2E-4790-BC4B-F27EE426FE2E}"
EndProject
Global
	GlobalSection(SolutionConfigurationPlatforms) = preSolution
		Debug|Any CPU = Debug|Any CPU
		Release|Any CPU = Release|Any CPU
	EndGlobalSection
	GlobalSection(ProjectConfigurationPlatforms) = postSolution
		{D3C5D7B1-B9D8-48F6-AB56-A7C92207C6CC}.Debug|Any CPU.ActiveCfg = Debug|Any CPU
		{D3C5D7B1-B9D8-48F6-AB56-A7C92207C6CC}.Debug|Any CPU.Build.0 = Debug|Any CPU
		{D3C5D7B1-B9D8-48F6-AB56-A7C92207C6CC}.Release|Any CPU.ActiveCfg = Release|Any CPU
		{D3C5D7B1-B9D8-48F6-AB56-A7C92207C6CC}.Release|Any CPU.Build.0 = Release|Any CPU
		{71F9FB97-9635-4A4C-B4A4-2883C401F3AA}.Debug|Any CPU.ActiveCfg = Debug|Any CPU
		{71F9FB97-9635-4A4C-B4A4-2883C401F3AA}.Debug|Any CPU.Build.0 = Debug|Any CPU
		{71F9FB97-9635-4A4C-B4A4-2883C401F3AA}.Release|Any CPU.ActiveCfg = Release|Any CPU
		{71F9FB97-9635-4A4C-B4A4-2883C401F3AA}.Release|Any CPU.Build.0 = Release|Any CPU
		{1840ABBD-B685-4120-B3D4-8DE5820850FE}.Debug|Any CPU.ActiveCfg = Debug|Any CPU
		{1840ABBD-B685-4120-B3D4-8DE5820850FE}.Debug|Any CPU.Build.0 = Debug|Any CPU
		{1840ABBD-B685-4120-B3D4-8DE5820850FE}.Release|Any CPU.ActiveCfg = Release|Any CPU
		{1840ABBD-B685-4120-B3D4-8DE5820850FE}.Release|Any CPU.Build.0 = Release|Any CPU
		{B06D24BC-4DC9-452E-A9F7-A65A454C72FA}.Debug|Any CPU.ActiveCfg = Debug|Any CPU
		{B06D24BC-4DC9-452E-A9F7-A65A454C72FA}.Debug|Any CPU.Build.0 = Debug|Any CPU
		{B06D24BC-4DC9-452E-A9F7-A65A454C72FA}.Release|Any CPU.ActiveCfg = Release|Any CPU
		{B06D24BC-4DC9-452E-A9F7-A65A454C72FA}.Release|Any CPU.Build.0 = Release|Any CPU
		{AB2C8B59-E973-4C97-9FA0-143ED48DB2B6}.Debug|Any CPU.ActiveCfg = Debug|Any CPU
		{AB2C8B59-E973-4C97-9FA0-143ED48DB2B6}.Debug|Any CPU.Build.0 = Debug|Any CPU
		{AB2C8B59-E973-4C97-9FA0-143ED48DB2B6}.Release|Any CPU.ActiveCfg = Release|Any CPU
		{AB2C8B59-E973-4C97-9FA0-143ED48DB2B6}.Release|Any CPU.Build.0 = Release|Any CPU
		{D85E83E9-8B5D-4969-A4A9-AA5EEB4878E9}.Debug|Any CPU.ActiveCfg = Debug|Any CPU
		{D85E83E9-8B5D-4969-A4A9-AA5EEB4878E9}.Debug|Any CPU.Build.0 = Debug|Any CPU
		{D85E83E9-8B5D-4969-A4A9-AA5EEB4878E9}.Release|Any CPU.ActiveCfg = Release|Any CPU
		{D85E83E9-8B5D-4969-A4A9-AA5EEB4878E9}.Release|Any CPU.Build.0 = Release|Any CPU
		{B63A9166-55B0-4141-B963-1F2F730AC963}.Debug|Any CPU.ActiveCfg = Debug|Any CPU
		{B63A9166-55B0-4141-B963-1F2F730AC963}.Debug|Any CPU.Build.0 = Debug|Any CPU
		{B63A9166-55B0-4141-B963-1F2F730AC963}.Release|Any CPU.ActiveCfg = Release|Any CPU
		{B63A9166-55B0-4141-B963-1F2F730AC963}.Release|Any CPU.Build.0 = Release|Any CPU
		{1CDE2F00-BDA2-4807-937F-52F126341C8F}.Debug|Any CPU.ActiveCfg = Debug|Any CPU
		{1CDE2F00-BDA2-4807-937F-52F126341C8F}.Debug|Any CPU.Build.0 = Debug|Any CPU
		{1CDE2F00-BDA2-4807-937F-52F126341C8F}.Release|Any CPU.ActiveCfg = Release|Any CPU
		{1CDE2F00-BDA2-4807-937F-52F126341C8F}.Release|Any CPU.Build.0 = Release|Any CPU
	EndGlobalSection
	GlobalSection(SolutionProperties) = preSolution
		HideSolutionNode = FALSE
	EndGlobalSection
	GlobalSection(NestedProjects) = preSolution
		{BC9BC78D-4D88-4C3E-B8E9-B0A4FC89E14C} = {2F8A35E3-6FFD-4E98-9BE9-322626219974}
		{10BE4B61-725E-4A9F-B3DC-05F9C83ED683} = {BC9BC78D-4D88-4C3E-B8E9-B0A4FC89E14C}
		{D3C5D7B1-B9D8-48F6-AB56-A7C92207C6CC} = {10BE4B61-725E-4A9F-B3DC-05F9C83ED683}
		{71F9FB97-9635-4A4C-B4A4-2883C401F3AA} = {10BE4B61-725E-4A9F-B3DC-05F9C83ED683}
		{801ADF88-59A9-4CFA-B707-2D6A9B316438} = {2F8A35E3-6FFD-4E98-9BE9-322626219974}
		{A7CB7114-31E4-482F-9976-F4B8D5C022AB} = {801ADF88-59A9-4CFA-B707-2D6A9B316438}
		{1840ABBD-B685-4120-B3D4-8DE5820850FE} = {A7CB7114-31E4-482F-9976-F4B8D5C022AB}
		{B06D24BC-4DC9-452E-A9F7-A65A454C72FA} = {A7CB7114-31E4-482F-9976-F4B8D5C022AB}
		{AB2C8B59-E973-4C97-9FA0-143ED48DB2B6} = {A7CB7114-31E4-482F-9976-F4B8D5C022AB}
		{D85E83E9-8B5D-4969-A4A9-AA5EEB4878E9} = {A7CB7114-31E4-482F-9976-F4B8D5C022AB}
		{B63A9166-55B0-4141-B963-1F2F730AC963} = {10BE4B61-725E-4A9F-B3DC-05F9C83ED683}
		{D4A1B353-A29A-4D94-A8CD-8AE36EFA5422} = {2F8A35E3-6FFD-4E98-9BE9-322626219974}
		{1CDE2F00-BDA2-4807-937F-52F126341C8F} = {D4A1B353-A29A-4D94-A8CD-8AE36EFA5422}
	EndGlobalSection
	GlobalSection(ExtensibilityGlobals) = postSolution
		SolutionGuid = {B20FE4E5-6C49-4D31-8332-636C4190F8B2}
	EndGlobalSection
EndGlobal
