
Microsoft Visual Studio Solution File, Format Version 12.00
# Visual Studio Version 17
VisualStudioVersion = 17.0.31903.59
MinimumVisualStudioVersion = 10.0.40219.1
Project("{2150E333-8FDC-42A3-9474-1A3956D46DE8}") = "src", "src", "{3E9AB948-C35E-4723-899B-4864C3935DB4}"
EndProject
Project("{2150E333-8FDC-42A3-9474-1A3956D46DE8}") = "Infrastructure", "Infrastructure", "{D48F0606-F332-4EC7-97F4-C5E3B4C44755}"
EndProject
Project("{FAE04EC0-301F-11D3-BF4B-00C04F79EFBC}") = "ExpressStore.Emails.Infrastructure", "src\Infrastructure\Emails\ExpressStore.Emails.Infrastructure\ExpressStore.Emails.Infrastructure.csproj", "{9BDFBBB0-2EFE-4B5C-A272-D37CB0DCE2D3}"
EndProject
Project("{2150E333-8FDC-42A3-9474-1A3956D46DE8}") = "Modules", "Modules", "{4140532E-A810-4D44-B52D-62AACA111305}"
EndProject
Project("{2150E333-8FDC-42A3-9474-1A3956D46DE8}") = "Emails", "Emails", "{E51F2854-4D1C-4F3D-8AAA-5DAB4AE41FCE}"
EndProject
Project("{FAE04EC0-301F-11D3-BF4B-00C04F79EFBC}") = "ExpressStore.Module.EmailSenderSendgrid", "src\Modules\Emails\ExpressStore.Module.EmailSenderSendgrid\ExpressStore.Module.EmailSenderSendgrid.csproj", "{BD1BAD4B-087C-41BB-96DF-C82B6852F365}"
EndProject
Project("{FAE04EC0-301F-11D3-BF4B-00C04F79EFBC}") = "ExpressStore.Module.EmailSenderSmtp", "src\Modules\Emails\ExpressStore.Module.EmailSenderSmtp\ExpressStore.Module.EmailSenderSmtp.csproj", "{4D9CAD1E-2D75-4E68-9E32-E5751D57134A}"
EndProject
Global
	GlobalSection(SolutionConfigurationPlatforms) = preSolution
		Debug|Any CPU = Debug|Any CPU
		Release|Any CPU = Release|Any CPU
	EndGlobalSection
	GlobalSection(ProjectConfigurationPlatforms) = postSolution
		{9BDFBBB0-2EFE-4B5C-A272-D37CB0DCE2D3}.Debug|Any CPU.ActiveCfg = Debug|Any CPU
		{9BDFBBB0-2EFE-4B5C-A272-D37CB0DCE2D3}.Debug|Any CPU.Build.0 = Debug|Any CPU
		{9BDFBBB0-2EFE-4B5C-A272-D37CB0DCE2D3}.Release|Any CPU.ActiveCfg = Release|Any CPU
		{9BDFBBB0-2EFE-4B5C-A272-D37CB0DCE2D3}.Release|Any CPU.Build.0 = Release|Any CPU
		{BD1BAD4B-087C-41BB-96DF-C82B6852F365}.Debug|Any CPU.ActiveCfg = Debug|Any CPU
		{BD1BAD4B-087C-41BB-96DF-C82B6852F365}.Debug|Any CPU.Build.0 = Debug|Any CPU
		{BD1BAD4B-087C-41BB-96DF-C82B6852F365}.Release|Any CPU.ActiveCfg = Release|Any CPU
		{BD1BAD4B-087C-41BB-96DF-C82B6852F365}.Release|Any CPU.Build.0 = Release|Any CPU
		{4D9CAD1E-2D75-4E68-9E32-E5751D57134A}.Debug|Any CPU.ActiveCfg = Debug|Any CPU
		{4D9CAD1E-2D75-4E68-9E32-E5751D57134A}.Debug|Any CPU.Build.0 = Debug|Any CPU
		{4D9CAD1E-2D75-4E68-9E32-E5751D57134A}.Release|Any CPU.ActiveCfg = Release|Any CPU
		{4D9CAD1E-2D75-4E68-9E32-E5751D57134A}.Release|Any CPU.Build.0 = Release|Any CPU
	EndGlobalSection
	GlobalSection(SolutionProperties) = preSolution
		HideSolutionNode = FALSE
	EndGlobalSection
	GlobalSection(NestedProjects) = preSolution
		{D48F0606-F332-4EC7-97F4-C5E3B4C44755} = {3E9AB948-C35E-4723-899B-4864C3935DB4}
		{9BDFBBB0-2EFE-4B5C-A272-D37CB0DCE2D3} = {D48F0606-F332-4EC7-97F4-C5E3B4C44755}
		{4140532E-A810-4D44-B52D-62AACA111305} = {3E9AB948-C35E-4723-899B-4864C3935DB4}
		{E51F2854-4D1C-4F3D-8AAA-5DAB4AE41FCE} = {4140532E-A810-4D44-B52D-62AACA111305}
		{BD1BAD4B-087C-41BB-96DF-C82B6852F365} = {E51F2854-4D1C-4F3D-8AAA-5DAB4AE41FCE}
		{4D9CAD1E-2D75-4E68-9E32-E5751D57134A} = {E51F2854-4D1C-4F3D-8AAA-5DAB4AE41FCE}
	EndGlobalSection
	GlobalSection(ExtensibilityGlobals) = postSolution
		SolutionGuid = {0EFB0C53-D2D9-468E-A10D-AFED9AB38DBC}
	EndGlobalSection
EndGlobal
